
Microsoft Visual Studio Solution File, Format Version 12.00
# Visual Studio Version 17
VisualStudioVersion = 17.10.35027.167
MinimumVisualStudioVersion = 10.0.40219.1
Project("{FAE04EC0-301F-11D3-BF4B-00C04F79EFBC}") = "LINQTut03.Shared", "LINQTut03.Shared\LINQTut03.Shared.csproj", "{69ED40B2-7F2E-42E6-A03D-8B38A675E411}"
EndProject
Project("{FAE04EC0-301F-11D3-BF4B-00C04F79EFBC}") = "LINQTut03.Ex", "LINQTut03.Ex\LINQTut03.Ex.csproj", "{5BB285C5-9085-4F89-9BC8-95D6F76446DB}"
EndProject
Global
	GlobalSection(SolutionConfigurationPlatforms) = preSolution
		Debug|Any CPU = Debug|Any CPU
		Release|Any CPU = Release|Any CPU
	EndGlobalSection
	GlobalSection(ProjectConfigurationPlatforms) = postSolution
		{69ED40B2-7F2E-42E6-A03D-8B38A675E411}.Debug|Any CPU.ActiveCfg = Debug|Any CPU
		{69ED40B2-7F2E-42E6-A03D-8B38A675E411}.Debug|Any CPU.Build.0 = Debug|Any CPU
		{69ED40B2-7F2E-42E6-A03D-8B38A675E411}.Release|Any CPU.ActiveCfg = Release|Any CPU
		{69ED40B2-7F2E-42E6-A03D-8B38A675E411}.Release|Any CPU.Build.0 = Release|Any CPU
		{5BB285C5-9085-4F89-9BC8-95D6F76446DB}.Debug|Any CPU.ActiveCfg = Debug|Any CPU
		{5BB285C5-9085-4F89-9BC8-95D6F76446DB}.Debug|Any CPU.Build.0 = Debug|Any CPU
		{5BB285C5-9085-4F89-9BC8-95D6F76446DB}.Release|Any CPU.ActiveCfg = Release|Any CPU
		{5BB285C5-9085-4F89-9BC8-95D6F76446DB}.Release|Any CPU.Build.0 = Release|Any CPU
	EndGlobalSection
	GlobalSection(SolutionProperties) = preSolution
		HideSolutionNode = FALSE
	EndGlobalSection
	GlobalSection(ExtensibilityGlobals) = postSolution
		SolutionGuid = {2B9711D1-D678-454C-8BCF-857A562D0431}
	EndGlobalSection
EndGlobal
