
Microsoft Visual Studio Solution File, Format Version 12.00
# Visual Studio Version 17
VisualStudioVersion = 17.5.002.0
MinimumVisualStudioVersion = 10.0.40219.1
Project("{9A19103F-16F7-4668-BE54-9A1E7A4F7556}") = "LINQTut07", "LINQTut07\LINQTut07.csproj", "{8DB8EFF4-2516-48B6-B6DB-7980F9F8E9BD}"
EndProject
Project("{9A19103F-16F7-4668-BE54-9A1E7A4F7556}") = "LINQTut07.Shared", "LINQTut07.Shared\LINQTut07.Shared.csproj", "{3315115C-1DCA-4FBC-8E24-BBE4CE1BCA6F}"
EndProject
Global
	GlobalSection(SolutionConfigurationPlatforms) = preSolution
		Debug|Any CPU = Debug|Any CPU
		Release|Any CPU = Release|Any CPU
	EndGlobalSection
	GlobalSection(ProjectConfigurationPlatforms) = postSolution
		{8DB8EFF4-2516-48B6-B6DB-7980F9F8E9BD}.Debug|Any CPU.ActiveCfg = Debug|Any CPU
		{8DB8EFF4-2516-48B6-B6DB-7980F9F8E9BD}.Debug|Any CPU.Build.0 = Debug|Any CPU
		{8DB8EFF4-2516-48B6-B6DB-7980F9F8E9BD}.Release|Any CPU.ActiveCfg = Release|Any CPU
		{8DB8EFF4-2516-48B6-B6DB-7980F9F8E9BD}.Release|Any CPU.Build.0 = Release|Any CPU
		{3315115C-1DCA-4FBC-8E24-BBE4CE1BCA6F}.Debug|Any CPU.ActiveCfg = Debug|Any CPU
		{3315115C-1DCA-4FBC-8E24-BBE4CE1BCA6F}.Debug|Any CPU.Build.0 = Debug|Any CPU
		{3315115C-1DCA-4FBC-8E24-BBE4CE1BCA6F}.Release|Any CPU.ActiveCfg = Release|Any CPU
		{3315115C-1DCA-4FBC-8E24-BBE4CE1BCA6F}.Release|Any CPU.Build.0 = Release|Any CPU
	EndGlobalSection
	GlobalSection(SolutionProperties) = preSolution
		HideSolutionNode = FALSE
	EndGlobalSection
	GlobalSection(ExtensibilityGlobals) = postSolution
		SolutionGuid = {F3447D99-720C-4D0D-B22E-DC075482A866}
	EndGlobalSection
EndGlobal
